// !$*UTF8*$!
{
	archiveVersion = 1;
	classes = {
	};
	objectVersion = 56;
	objects = {

/* Begin PBXBuildFile section */
		7A3ACC892C74E27D00717119 /* SentenceViewModel.swift in Sources */ = {isa = PBXBuildFile; fileRef = 7A3ACC882C74E27D00717119 /* SentenceViewModel.swift */; };
		7AD504ED2C64F67800743982 /* AudioPlayerViewModel.swift in Sources */ = {isa = PBXBuildFile; fileRef = 7AD504EC2C64F67800743982 /* AudioPlayerViewModel.swift */; };
		7AD504FA2C650BA400743982 /* mao.m4a in Resources */ = {isa = PBXBuildFile; fileRef = 7AD504F92C650BA400743982 /* mao.m4a */; };
		7AD505022C66511B00743982 /* ReadData.swift in Sources */ = {isa = PBXBuildFile; fileRef = 7AD505012C66511B00743982 /* ReadData.swift */; };
		7AD505042C66524D00743982 /* Lesson.swift in Sources */ = {isa = PBXBuildFile; fileRef = 7AD505032C66524D00743982 /* Lesson.swift */; };
		7AD505062C66530D00743982 /* lessons.json in Resources */ = {isa = PBXBuildFile; fileRef = 7AD505052C66530D00743982 /* lessons.json */; };
		7AEB5E1C2C6CD3CF0020E588 /* ProgressBar.swift in Sources */ = {isa = PBXBuildFile; fileRef = 7AEB5E1B2C6CD3CF0020E588 /* ProgressBar.swift */; };
		7AEB5E1E2C6CDA0B0020E588 /* CongratulationsView.swift in Sources */ = {isa = PBXBuildFile; fileRef = 7AEB5E1D2C6CDA0B0020E588 /* CongratulationsView.swift */; };
		7AEB5E202C6CFCF30020E588 /* RightAnswerView.swift in Sources */ = {isa = PBXBuildFile; fileRef = 7AEB5E1F2C6CFCF30020E588 /* RightAnswerView.swift */; };
		7AEB5E242C6CFD210020E588 /* StartAnswerView.swift in Sources */ = {isa = PBXBuildFile; fileRef = 7AEB5E232C6CFD210020E588 /* StartAnswerView.swift */; };
		7AEB5E262C6CFD2C0020E588 /* WrongAnswerView.swift in Sources */ = {isa = PBXBuildFile; fileRef = 7AEB5E252C6CFD2C0020E588 /* WrongAnswerView.swift */; };
		AAC94A3E2C63A971005BF94D /* SpeechRecognitionApp.swift in Sources */ = {isa = PBXBuildFile; fileRef = AAC94A3D2C63A971005BF94D /* SpeechRecognitionApp.swift */; };
		AAC94A402C63A971005BF94D /* SentenceView.swift in Sources */ = {isa = PBXBuildFile; fileRef = AAC94A3F2C63A971005BF94D /* SentenceView.swift */; };
		AAC94A452C63A973005BF94D /* Preview Assets.xcassets in Resources */ = {isa = PBXBuildFile; fileRef = AAC94A442C63A973005BF94D /* Preview Assets.xcassets */; };
		AAC94A4C2C63A9EA005BF94D /* SpeechRecognizer.swift in Sources */ = {isa = PBXBuildFile; fileRef = AAC94A4B2C63A9EA005BF94D /* SpeechRecognizer.swift */; };
		AAE64DF42C762A5B00201052 /* Assets.xcassets in Resources */ = {isa = PBXBuildFile; fileRef = AAE64DF32C762A5B00201052 /* Assets.xcassets */; };
		AAE64E062C762AE900201052 /* mao.m4a in Resources */ = {isa = PBXBuildFile; fileRef = AAE64DF52C762AE900201052 /* mao.m4a */; };
		AAE64E072C762AE900201052 /* amarelo.m4a in Resources */ = {isa = PBXBuildFile; fileRef = AAE64DF62C762AE900201052 /* amarelo.m4a */; };
		AAE64E082C762AE900201052 /* fraseLaranja.m4a in Resources */ = {isa = PBXBuildFile; fileRef = AAE64DF72C762AE900201052 /* fraseLaranja.m4a */; };
		AAE64E092C762AE900201052 /* fraseMelancia.m4a in Resources */ = {isa = PBXBuildFile; fileRef = AAE64DF82C762AE900201052 /* fraseMelancia.m4a */; };
		AAE64E0A2C762AE900201052 /* laranja.m4a in Resources */ = {isa = PBXBuildFile; fileRef = AAE64DF92C762AE900201052 /* laranja.m4a */; };
		AAE64E0B2C762AE900201052 /* uva.m4a in Resources */ = {isa = PBXBuildFile; fileRef = AAE64DFA2C762AE900201052 /* uva.m4a */; };
		AAE64E0C2C762AE900201052 /* fraseUva.m4a in Resources */ = {isa = PBXBuildFile; fileRef = AAE64DFB2C762AE900201052 /* fraseUva.m4a */; };
		AAE64E0D2C762AE900201052 /* vermelho.m4a in Resources */ = {isa = PBXBuildFile; fileRef = AAE64DFC2C762AE900201052 /* vermelho.m4a */; };
		AAE64E0E2C762AE900201052 /* fraseVermelho.m4a in Resources */ = {isa = PBXBuildFile; fileRef = AAE64DFD2C762AE900201052 /* fraseVermelho.m4a */; };
		AAE64E0F2C762AE900201052 /* banana.m4a in Resources */ = {isa = PBXBuildFile; fileRef = AAE64DFE2C762AE900201052 /* banana.m4a */; };
		AAE64E102C762AE900201052 /* fraseVerde.m4a in Resources */ = {isa = PBXBuildFile; fileRef = AAE64DFF2C762AE900201052 /* fraseVerde.m4a */; };
		AAE64E112C762AE900201052 /* fraseAmarelo.m4a in Resources */ = {isa = PBXBuildFile; fileRef = AAE64E002C762AE900201052 /* fraseAmarelo.m4a */; };
		AAE64E122C762AE900201052 /* fraseBanana.m4a in Resources */ = {isa = PBXBuildFile; fileRef = AAE64E012C762AE900201052 /* fraseBanana.m4a */; };
		AAE64E132C762AE900201052 /* melancia.m4a in Resources */ = {isa = PBXBuildFile; fileRef = AAE64E022C762AE900201052 /* melancia.m4a */; };
		AAE64E142C762AE900201052 /* azul.m4a in Resources */ = {isa = PBXBuildFile; fileRef = AAE64E032C762AE900201052 /* azul.m4a */; };
		AAE64E152C762AE900201052 /* verde.m4a in Resources */ = {isa = PBXBuildFile; fileRef = AAE64E042C762AE900201052 /* verde.m4a */; };
		AAE64E162C762AE900201052 /* fraseAzul.m4a in Resources */ = {isa = PBXBuildFile; fileRef = AAE64E052C762AE900201052 /* fraseAzul.m4a */; };
		AAFBC8382C6623B700D985AA /* AudioRecorder.swift in Sources */ = {isa = PBXBuildFile; fileRef = AAFBC8372C6623B700D985AA /* AudioRecorder.swift */; };
		AAFBC83A2C6650C600D985AA /* LessonCard.swift in Sources */ = {isa = PBXBuildFile; fileRef = AAFBC8392C6650C600D985AA /* LessonCard.swift */; };
		AAFBC83C2C6659ED00D985AA /* LessonsView.swift in Sources */ = {isa = PBXBuildFile; fileRef = AAFBC83B2C6659ED00D985AA /* LessonsView.swift */; };
		AAFBC83E2C6A4E0000D985AA /* Router.swift in Sources */ = {isa = PBXBuildFile; fileRef = AAFBC83D2C6A4E0000D985AA /* Router.swift */; };
		AAFBC8462C6CDAB100D985AA /* LessonsViewModel.swift in Sources */ = {isa = PBXBuildFile; fileRef = AAFBC8452C6CDAB100D985AA /* LessonsViewModel.swift */; };
		FA2245962C6CEFE1003081BB /* OnboardingCardView.swift in Sources */ = {isa = PBXBuildFile; fileRef = FA2245952C6CEFE1003081BB /* OnboardingCardView.swift */; };
		FA2245982C6CF8D7003081BB /* OnboardingView.swift in Sources */ = {isa = PBXBuildFile; fileRef = FA2245972C6CF8D7003081BB /* OnboardingView.swift */; };
		FA3848DB2C74DCB400EBFFB4 /* Localizable.xcstrings in Resources */ = {isa = PBXBuildFile; fileRef = FA3848DA2C74DCB400EBFFB4 /* Localizable.xcstrings */; };
		FA785C5A2C7365C300B80D34 /* PronunciationPopupView.swift in Sources */ = {isa = PBXBuildFile; fileRef = FA785C592C7365C300B80D34 /* PronunciationPopupView.swift */; };
		FA785C5C2C7387E700B80D34 /* ButtonWaveView.swift in Sources */ = {isa = PBXBuildFile; fileRef = FA785C5B2C7387E700B80D34 /* ButtonWaveView.swift */; };
/* End PBXBuildFile section */

/* Begin PBXFileReference section */
		7A3ACC882C74E27D00717119 /* SentenceViewModel.swift */ = {isa = PBXFileReference; lastKnownFileType = sourcecode.swift; path = SentenceViewModel.swift; sourceTree = "<group>"; };
		7AD504EC2C64F67800743982 /* AudioPlayerViewModel.swift */ = {isa = PBXFileReference; lastKnownFileType = sourcecode.swift; path = AudioPlayerViewModel.swift; sourceTree = "<group>"; };
		7AD504F92C650BA400743982 /* mao.m4a */ = {isa = PBXFileReference; lastKnownFileType = file; path = mao.m4a; sourceTree = "<group>"; };
		7AD505012C66511B00743982 /* ReadData.swift */ = {isa = PBXFileReference; lastKnownFileType = sourcecode.swift; path = ReadData.swift; sourceTree = "<group>"; };
		7AD505032C66524D00743982 /* Lesson.swift */ = {isa = PBXFileReference; lastKnownFileType = sourcecode.swift; path = Lesson.swift; sourceTree = "<group>"; };
		7AD505052C66530D00743982 /* lessons.json */ = {isa = PBXFileReference; lastKnownFileType = text.json; path = lessons.json; sourceTree = "<group>"; };
		7AEB5E1B2C6CD3CF0020E588 /* ProgressBar.swift */ = {isa = PBXFileReference; lastKnownFileType = sourcecode.swift; path = ProgressBar.swift; sourceTree = "<group>"; };
		7AEB5E1D2C6CDA0B0020E588 /* CongratulationsView.swift */ = {isa = PBXFileReference; lastKnownFileType = sourcecode.swift; path = CongratulationsView.swift; sourceTree = "<group>"; };
		7AEB5E1F2C6CFCF30020E588 /* RightAnswerView.swift */ = {isa = PBXFileReference; lastKnownFileType = sourcecode.swift; path = RightAnswerView.swift; sourceTree = "<group>"; };
		7AEB5E232C6CFD210020E588 /* StartAnswerView.swift */ = {isa = PBXFileReference; lastKnownFileType = sourcecode.swift; path = StartAnswerView.swift; sourceTree = "<group>"; };
		7AEB5E252C6CFD2C0020E588 /* WrongAnswerView.swift */ = {isa = PBXFileReference; lastKnownFileType = sourcecode.swift; path = WrongAnswerView.swift; sourceTree = "<group>"; };
		AAC94A3A2C63A971005BF94D /* SpeechRecognition.app */ = {isa = PBXFileReference; explicitFileType = wrapper.application; includeInIndex = 0; path = SpeechRecognition.app; sourceTree = BUILT_PRODUCTS_DIR; };
		AAC94A3D2C63A971005BF94D /* SpeechRecognitionApp.swift */ = {isa = PBXFileReference; lastKnownFileType = sourcecode.swift; path = SpeechRecognitionApp.swift; sourceTree = "<group>"; };
		AAC94A3F2C63A971005BF94D /* SentenceView.swift */ = {isa = PBXFileReference; lastKnownFileType = sourcecode.swift; path = SentenceView.swift; sourceTree = "<group>"; };
		AAC94A442C63A973005BF94D /* Preview Assets.xcassets */ = {isa = PBXFileReference; lastKnownFileType = folder.assetcatalog; path = "Preview Assets.xcassets"; sourceTree = "<group>"; };
		AAC94A4B2C63A9EA005BF94D /* SpeechRecognizer.swift */ = {isa = PBXFileReference; lastKnownFileType = sourcecode.swift; path = SpeechRecognizer.swift; sourceTree = "<group>"; };
		AAE64DF32C762A5B00201052 /* Assets.xcassets */ = {isa = PBXFileReference; lastKnownFileType = folder.assetcatalog; path = Assets.xcassets; sourceTree = "<group>"; };
		AAE64DF52C762AE900201052 /* mao.m4a */ = {isa = PBXFileReference; lastKnownFileType = file; path = mao.m4a; sourceTree = "<group>"; };
		AAE64DF62C762AE900201052 /* amarelo.m4a */ = {isa = PBXFileReference; lastKnownFileType = file; path = amarelo.m4a; sourceTree = "<group>"; };
		AAE64DF72C762AE900201052 /* fraseLaranja.m4a */ = {isa = PBXFileReference; lastKnownFileType = file; path = fraseLaranja.m4a; sourceTree = "<group>"; };
		AAE64DF82C762AE900201052 /* fraseMelancia.m4a */ = {isa = PBXFileReference; lastKnownFileType = file; path = fraseMelancia.m4a; sourceTree = "<group>"; };
		AAE64DF92C762AE900201052 /* laranja.m4a */ = {isa = PBXFileReference; lastKnownFileType = file; path = laranja.m4a; sourceTree = "<group>"; };
		AAE64DFA2C762AE900201052 /* uva.m4a */ = {isa = PBXFileReference; lastKnownFileType = file; path = uva.m4a; sourceTree = "<group>"; };
		AAE64DFB2C762AE900201052 /* fraseUva.m4a */ = {isa = PBXFileReference; lastKnownFileType = file; path = fraseUva.m4a; sourceTree = "<group>"; };
		AAE64DFC2C762AE900201052 /* vermelho.m4a */ = {isa = PBXFileReference; lastKnownFileType = file; path = vermelho.m4a; sourceTree = "<group>"; };
		AAE64DFD2C762AE900201052 /* fraseVermelho.m4a */ = {isa = PBXFileReference; lastKnownFileType = file; path = fraseVermelho.m4a; sourceTree = "<group>"; };
		AAE64DFE2C762AE900201052 /* banana.m4a */ = {isa = PBXFileReference; lastKnownFileType = file; path = banana.m4a; sourceTree = "<group>"; };
		AAE64DFF2C762AE900201052 /* fraseVerde.m4a */ = {isa = PBXFileReference; lastKnownFileType = file; path = fraseVerde.m4a; sourceTree = "<group>"; };
		AAE64E002C762AE900201052 /* fraseAmarelo.m4a */ = {isa = PBXFileReference; lastKnownFileType = file; path = fraseAmarelo.m4a; sourceTree = "<group>"; };
		AAE64E012C762AE900201052 /* fraseBanana.m4a */ = {isa = PBXFileReference; lastKnownFileType = file; path = fraseBanana.m4a; sourceTree = "<group>"; };
		AAE64E022C762AE900201052 /* melancia.m4a */ = {isa = PBXFileReference; lastKnownFileType = file; path = melancia.m4a; sourceTree = "<group>"; };
		AAE64E032C762AE900201052 /* azul.m4a */ = {isa = PBXFileReference; lastKnownFileType = file; path = azul.m4a; sourceTree = "<group>"; };
		AAE64E042C762AE900201052 /* verde.m4a */ = {isa = PBXFileReference; lastKnownFileType = file; path = verde.m4a; sourceTree = "<group>"; };
		AAE64E052C762AE900201052 /* fraseAzul.m4a */ = {isa = PBXFileReference; lastKnownFileType = file; path = fraseAzul.m4a; sourceTree = "<group>"; };
		AAFBC8372C6623B700D985AA /* AudioRecorder.swift */ = {isa = PBXFileReference; lastKnownFileType = sourcecode.swift; path = AudioRecorder.swift; sourceTree = "<group>"; };
		AAFBC8392C6650C600D985AA /* LessonCard.swift */ = {isa = PBXFileReference; lastKnownFileType = sourcecode.swift; path = LessonCard.swift; sourceTree = "<group>"; };
		AAFBC83B2C6659ED00D985AA /* LessonsView.swift */ = {isa = PBXFileReference; lastKnownFileType = sourcecode.swift; path = LessonsView.swift; sourceTree = "<group>"; };
		AAFBC83D2C6A4E0000D985AA /* Router.swift */ = {isa = PBXFileReference; lastKnownFileType = sourcecode.swift; path = Router.swift; sourceTree = "<group>"; };
		AAFBC8452C6CDAB100D985AA /* LessonsViewModel.swift */ = {isa = PBXFileReference; lastKnownFileType = sourcecode.swift; path = LessonsViewModel.swift; sourceTree = "<group>"; };
		FA2245952C6CEFE1003081BB /* OnboardingCardView.swift */ = {isa = PBXFileReference; lastKnownFileType = sourcecode.swift; path = OnboardingCardView.swift; sourceTree = "<group>"; };
		FA2245972C6CF8D7003081BB /* OnboardingView.swift */ = {isa = PBXFileReference; lastKnownFileType = sourcecode.swift; path = OnboardingView.swift; sourceTree = "<group>"; };
		FA3848DA2C74DCB400EBFFB4 /* Localizable.xcstrings */ = {isa = PBXFileReference; lastKnownFileType = text.json.xcstrings; path = Localizable.xcstrings; sourceTree = "<group>"; };
		FA785C592C7365C300B80D34 /* PronunciationPopupView.swift */ = {isa = PBXFileReference; lastKnownFileType = sourcecode.swift; path = PronunciationPopupView.swift; sourceTree = "<group>"; };
		FA785C5B2C7387E700B80D34 /* ButtonWaveView.swift */ = {isa = PBXFileReference; lastKnownFileType = sourcecode.swift; path = ButtonWaveView.swift; sourceTree = "<group>"; };
/* End PBXFileReference section */

/* Begin PBXFrameworksBuildPhase section */
		AAC94A372C63A971005BF94D /* Frameworks */ = {
			isa = PBXFrameworksBuildPhase;
			buildActionMask = 2147483647;
			files = (
			);
			runOnlyForDeploymentPostprocessing = 0;
		};
/* End PBXFrameworksBuildPhase section */

/* Begin PBXGroup section */
		7AD504EE2C64F75100743982 /* Resources */ = {
			isa = PBXGroup;
			children = (
				AAE64DF32C762A5B00201052 /* Assets.xcassets */,
				7AD504EF2C64F76000743982 /* Sounds */,
				FA3848DA2C74DCB400EBFFB4 /* Localizable.xcstrings */,
			);
			path = Resources;
			sourceTree = "<group>";
		};
		7AD504EF2C64F76000743982 /* Sounds */ = {
			isa = PBXGroup;
			children = (
				AAE64DF62C762AE900201052 /* amarelo.m4a */,
				AAE64E032C762AE900201052 /* azul.m4a */,
				AAE64DFE2C762AE900201052 /* banana.m4a */,
				AAE64E002C762AE900201052 /* fraseAmarelo.m4a */,
				AAE64E052C762AE900201052 /* fraseAzul.m4a */,
				AAE64E012C762AE900201052 /* fraseBanana.m4a */,
				AAE64DF72C762AE900201052 /* fraseLaranja.m4a */,
				AAE64DF82C762AE900201052 /* fraseMelancia.m4a */,
				AAE64DFB2C762AE900201052 /* fraseUva.m4a */,
				AAE64DFF2C762AE900201052 /* fraseVerde.m4a */,
				AAE64DFD2C762AE900201052 /* fraseVermelho.m4a */,
				AAE64DF92C762AE900201052 /* laranja.m4a */,
				AAE64DF52C762AE900201052 /* mao.m4a */,
				AAE64E022C762AE900201052 /* melancia.m4a */,
				AAE64DFA2C762AE900201052 /* uva.m4a */,
				AAE64E042C762AE900201052 /* verde.m4a */,
				AAE64DFC2C762AE900201052 /* vermelho.m4a */,
				7AD504F92C650BA400743982 /* mao.m4a */,
			);
			path = Sounds;
			sourceTree = "<group>";
		};
		7AD504FE2C664FD400743982 /* View */ = {
			isa = PBXGroup;
			children = (
				AAFBC83B2C6659ED00D985AA /* LessonsView.swift */,
				AAC94A3F2C63A971005BF94D /* SentenceView.swift */,
				AAFBC8392C6650C600D985AA /* LessonCard.swift */,
				7AEB5E1F2C6CFCF30020E588 /* RightAnswerView.swift */,
				7AEB5E232C6CFD210020E588 /* StartAnswerView.swift */,
				7AEB5E252C6CFD2C0020E588 /* WrongAnswerView.swift */,
				7AEB5E1B2C6CD3CF0020E588 /* ProgressBar.swift */,
				FA2245952C6CEFE1003081BB /* OnboardingCardView.swift */,
				FA2245972C6CF8D7003081BB /* OnboardingView.swift */,
				7AEB5E1D2C6CDA0B0020E588 /* CongratulationsView.swift */,
				FA785C592C7365C300B80D34 /* PronunciationPopupView.swift */,
				FA785C5B2C7387E700B80D34 /* ButtonWaveView.swift */,
			);
			path = View;
			sourceTree = "<group>";
		};
		7AD504FF2C664FFE00743982 /* Model */ = {
			isa = PBXGroup;
			children = (
				7AD505032C66524D00743982 /* Lesson.swift */,
				AAFBC83D2C6A4E0000D985AA /* Router.swift */,
			);
			path = Model;
			sourceTree = "<group>";
		};
		7AD505002C66500700743982 /* ViewModel */ = {
			isa = PBXGroup;
			children = (
				AAFBC8372C6623B700D985AA /* AudioRecorder.swift */,
				7AD505012C66511B00743982 /* ReadData.swift */,
				AAC94A4B2C63A9EA005BF94D /* SpeechRecognizer.swift */,
				7AD504EC2C64F67800743982 /* AudioPlayerViewModel.swift */,
				AAFBC8452C6CDAB100D985AA /* LessonsViewModel.swift */,
				7A3ACC882C74E27D00717119 /* SentenceViewModel.swift */,
			);
			path = ViewModel;
			sourceTree = "<group>";
		};
		AAC94A312C63A971005BF94D = {
			isa = PBXGroup;
			children = (
				AAC94A3C2C63A971005BF94D /* SpeechRecognition */,
				AAC94A3B2C63A971005BF94D /* Products */,
			);
			sourceTree = "<group>";
		};
		AAC94A3B2C63A971005BF94D /* Products */ = {
			isa = PBXGroup;
			children = (
				AAC94A3A2C63A971005BF94D /* SpeechRecognition.app */,
			);
			name = Products;
			sourceTree = "<group>";
		};
		AAC94A3C2C63A971005BF94D /* SpeechRecognition */ = {
			isa = PBXGroup;
			children = (
				AAC94A3D2C63A971005BF94D /* SpeechRecognitionApp.swift */,
				7AD505052C66530D00743982 /* lessons.json */,
				7AD505002C66500700743982 /* ViewModel */,
				7AD504FF2C664FFE00743982 /* Model */,
				7AD504FE2C664FD400743982 /* View */,
				7AD504EE2C64F75100743982 /* Resources */,
				AAC94A432C63A973005BF94D /* Preview Content */,
			);
			path = SpeechRecognition;
			sourceTree = "<group>";
		};
		AAC94A432C63A973005BF94D /* Preview Content */ = {
			isa = PBXGroup;
			children = (
				AAC94A442C63A973005BF94D /* Preview Assets.xcassets */,
			);
			path = "Preview Content";
			sourceTree = "<group>";
		};
/* End PBXGroup section */

/* Begin PBXNativeTarget section */
		AAC94A392C63A971005BF94D /* SpeechRecognition */ = {
			isa = PBXNativeTarget;
			buildConfigurationList = AAC94A482C63A973005BF94D /* Build configuration list for PBXNativeTarget "SpeechRecognition" */;
			buildPhases = (
				AAC94A362C63A971005BF94D /* Sources */,
				AAC94A372C63A971005BF94D /* Frameworks */,
				AAC94A382C63A971005BF94D /* Resources */,
			);
			buildRules = (
			);
			dependencies = (
			);
			name = SpeechRecognition;
			productName = SpeechRecognition;
			productReference = AAC94A3A2C63A971005BF94D /* SpeechRecognition.app */;
			productType = "com.apple.product-type.application";
		};
/* End PBXNativeTarget section */

/* Begin PBXProject section */
		AAC94A322C63A971005BF94D /* Project object */ = {
			isa = PBXProject;
			attributes = {
				BuildIndependentTargetsInParallel = 1;
				LastSwiftUpdateCheck = 1540;
				LastUpgradeCheck = 1540;
				TargetAttributes = {
					AAC94A392C63A971005BF94D = {
						CreatedOnToolsVersion = 15.4;
					};
				};
			};
			buildConfigurationList = AAC94A352C63A971005BF94D /* Build configuration list for PBXProject "SpeechRecognition" */;
			compatibilityVersion = "Xcode 14.0";
			developmentRegion = en;
			hasScannedForEncodings = 0;
			knownRegions = (
				en,
				Base,
				"pt-BR",
			);
			mainGroup = AAC94A312C63A971005BF94D;
			productRefGroup = AAC94A3B2C63A971005BF94D /* Products */;
			projectDirPath = "";
			projectRoot = "";
			targets = (
				AAC94A392C63A971005BF94D /* SpeechRecognition */,
			);
		};
/* End PBXProject section */

/* Begin PBXResourcesBuildPhase section */
		AAC94A382C63A971005BF94D /* Resources */ = {
			isa = PBXResourcesBuildPhase;
			buildActionMask = 2147483647;
			files = (
				AAE64E0E2C762AE900201052 /* fraseVermelho.m4a in Resources */,
				AAE64E122C762AE900201052 /* fraseBanana.m4a in Resources */,
				AAE64E062C762AE900201052 /* mao.m4a in Resources */,
				AAE64E112C762AE900201052 /* fraseAmarelo.m4a in Resources */,
				AAE64E152C762AE900201052 /* verde.m4a in Resources */,
				AAE64E132C762AE900201052 /* melancia.m4a in Resources */,
				AAE64DF42C762A5B00201052 /* Assets.xcassets in Resources */,
				AAE64E0A2C762AE900201052 /* laranja.m4a in Resources */,
				AAE64E0F2C762AE900201052 /* banana.m4a in Resources */,
				AAE64E142C762AE900201052 /* azul.m4a in Resources */,
				AAE64E162C762AE900201052 /* fraseAzul.m4a in Resources */,
				AAE64E102C762AE900201052 /* fraseVerde.m4a in Resources */,
				AAE64E0B2C762AE900201052 /* uva.m4a in Resources */,
				AAE64E0D2C762AE900201052 /* vermelho.m4a in Resources */,
				AAE64E082C762AE900201052 /* fraseLaranja.m4a in Resources */,
				AAE64E072C762AE900201052 /* amarelo.m4a in Resources */,
				AAE64E092C762AE900201052 /* fraseMelancia.m4a in Resources */,
				7AD504FA2C650BA400743982 /* mao.m4a in Resources */,
				FA3848DB2C74DCB400EBFFB4 /* Localizable.xcstrings in Resources */,
				AAE64E0C2C762AE900201052 /* fraseUva.m4a in Resources */,
				AAC94A452C63A973005BF94D /* Preview Assets.xcassets in Resources */,
				7AD505062C66530D00743982 /* lessons.json in Resources */,
			);
			runOnlyForDeploymentPostprocessing = 0;
		};
/* End PBXResourcesBuildPhase section */

/* Begin PBXSourcesBuildPhase section */
		AAC94A362C63A971005BF94D /* Sources */ = {
			isa = PBXSourcesBuildPhase;
			buildActionMask = 2147483647;
			files = (
				7AEB5E262C6CFD2C0020E588 /* WrongAnswerView.swift in Sources */,
				AAFBC8462C6CDAB100D985AA /* LessonsViewModel.swift in Sources */,
				AAC94A402C63A971005BF94D /* SentenceView.swift in Sources */,
				AAC94A3E2C63A971005BF94D /* SpeechRecognitionApp.swift in Sources */,
				AAFBC83E2C6A4E0000D985AA /* Router.swift in Sources */,
				AAC94A402C63A971005BF94D /* SentenceView.swift in Sources */,
				FA2245982C6CF8D7003081BB /* OnboardingView.swift in Sources */,
				AAC94A3E2C63A971005BF94D /* SpeechRecognitionApp.swift in Sources */,
				7AEB5E1E2C6CDA0B0020E588 /* CongratulationsView.swift in Sources */,
				7AEB5E202C6CFCF30020E588 /* RightAnswerView.swift in Sources */,
				AAFBC8382C6623B700D985AA /* AudioRecorder.swift in Sources */,
				7AD505022C66511B00743982 /* ReadData.swift in Sources */,
				AAC94A4C2C63A9EA005BF94D /* SpeechRecognizer.swift in Sources */,
				FA785C5C2C7387E700B80D34 /* ButtonWaveView.swift in Sources */,
				7AD505042C66524D00743982 /* Lesson.swift in Sources */,
				7AD504ED2C64F67800743982 /* AudioPlayerViewModel.swift in Sources */,
				AAFBC83C2C6659ED00D985AA /* LessonsView.swift in Sources */,
				7AEB5E1C2C6CD3CF0020E588 /* ProgressBar.swift in Sources */,
				7AEB5E242C6CFD210020E588 /* StartAnswerView.swift in Sources */,
				AAFBC83A2C6650C600D985AA /* LessonCard.swift in Sources */,
				7A3ACC892C74E27D00717119 /* SentenceViewModel.swift in Sources */,
				FA2245962C6CEFE1003081BB /* OnboardingCardView.swift in Sources */,
				FA785C5A2C7365C300B80D34 /* PronunciationPopupView.swift in Sources */,
			);
			runOnlyForDeploymentPostprocessing = 0;
		};
/* End PBXSourcesBuildPhase section */

/* Begin XCBuildConfiguration section */
		AAC94A462C63A973005BF94D /* Debug */ = {
			isa = XCBuildConfiguration;
			buildSettings = {
				ALWAYS_SEARCH_USER_PATHS = NO;
				ASSETCATALOG_COMPILER_GENERATE_SWIFT_ASSET_SYMBOL_EXTENSIONS = YES;
				CLANG_ANALYZER_LOCALIZABILITY_NONLOCALIZED = YES;
				CLANG_ANALYZER_NONNULL = YES;
				CLANG_ANALYZER_NUMBER_OBJECT_CONVERSION = YES_AGGRESSIVE;
				CLANG_CXX_LANGUAGE_STANDARD = "gnu++20";
				CLANG_ENABLE_MODULES = YES;
				CLANG_ENABLE_OBJC_ARC = YES;
				CLANG_ENABLE_OBJC_WEAK = YES;
				CLANG_WARN_BLOCK_CAPTURE_AUTORELEASING = YES;
				CLANG_WARN_BOOL_CONVERSION = YES;
				CLANG_WARN_COMMA = YES;
				CLANG_WARN_CONSTANT_CONVERSION = YES;
				CLANG_WARN_DEPRECATED_OBJC_IMPLEMENTATIONS = YES;
				CLANG_WARN_DIRECT_OBJC_ISA_USAGE = YES_ERROR;
				CLANG_WARN_DOCUMENTATION_COMMENTS = YES;
				CLANG_WARN_EMPTY_BODY = YES;
				CLANG_WARN_ENUM_CONVERSION = YES;
				CLANG_WARN_INFINITE_RECURSION = YES;
				CLANG_WARN_INT_CONVERSION = YES;
				CLANG_WARN_NON_LITERAL_NULL_CONVERSION = YES;
				CLANG_WARN_OBJC_IMPLICIT_RETAIN_SELF = YES;
				CLANG_WARN_OBJC_LITERAL_CONVERSION = YES;
				CLANG_WARN_OBJC_ROOT_CLASS = YES_ERROR;
				CLANG_WARN_QUOTED_INCLUDE_IN_FRAMEWORK_HEADER = YES;
				CLANG_WARN_RANGE_LOOP_ANALYSIS = YES;
				CLANG_WARN_STRICT_PROTOTYPES = YES;
				CLANG_WARN_SUSPICIOUS_MOVE = YES;
				CLANG_WARN_UNGUARDED_AVAILABILITY = YES_AGGRESSIVE;
				CLANG_WARN_UNREACHABLE_CODE = YES;
				CLANG_WARN__DUPLICATE_METHOD_MATCH = YES;
				COPY_PHASE_STRIP = NO;
				DEBUG_INFORMATION_FORMAT = dwarf;
				ENABLE_STRICT_OBJC_MSGSEND = YES;
				ENABLE_TESTABILITY = YES;
				ENABLE_USER_SCRIPT_SANDBOXING = YES;
				GCC_C_LANGUAGE_STANDARD = gnu17;
				GCC_DYNAMIC_NO_PIC = NO;
				GCC_NO_COMMON_BLOCKS = YES;
				GCC_OPTIMIZATION_LEVEL = 0;
				GCC_PREPROCESSOR_DEFINITIONS = (
					"DEBUG=1",
					"$(inherited)",
				);
				GCC_WARN_64_TO_32_BIT_CONVERSION = YES;
				GCC_WARN_ABOUT_RETURN_TYPE = YES_ERROR;
				GCC_WARN_UNDECLARED_SELECTOR = YES;
				GCC_WARN_UNINITIALIZED_AUTOS = YES_AGGRESSIVE;
				GCC_WARN_UNUSED_FUNCTION = YES;
				GCC_WARN_UNUSED_VARIABLE = YES;
				IPHONEOS_DEPLOYMENT_TARGET = 17.5;
				LOCALIZATION_PREFERS_STRING_CATALOGS = YES;
				MTL_ENABLE_DEBUG_INFO = INCLUDE_SOURCE;
				MTL_FAST_MATH = YES;
				ONLY_ACTIVE_ARCH = YES;
				SDKROOT = iphoneos;
				SWIFT_ACTIVE_COMPILATION_CONDITIONS = "DEBUG $(inherited)";
				SWIFT_OPTIMIZATION_LEVEL = "-Onone";
			};
			name = Debug;
		};
		AAC94A472C63A973005BF94D /* Release */ = {
			isa = XCBuildConfiguration;
			buildSettings = {
				ALWAYS_SEARCH_USER_PATHS = NO;
				ASSETCATALOG_COMPILER_GENERATE_SWIFT_ASSET_SYMBOL_EXTENSIONS = YES;
				CLANG_ANALYZER_LOCALIZABILITY_NONLOCALIZED = YES;
				CLANG_ANALYZER_NONNULL = YES;
				CLANG_ANALYZER_NUMBER_OBJECT_CONVERSION = YES_AGGRESSIVE;
				CLANG_CXX_LANGUAGE_STANDARD = "gnu++20";
				CLANG_ENABLE_MODULES = YES;
				CLANG_ENABLE_OBJC_ARC = YES;
				CLANG_ENABLE_OBJC_WEAK = YES;
				CLANG_WARN_BLOCK_CAPTURE_AUTORELEASING = YES;
				CLANG_WARN_BOOL_CONVERSION = YES;
				CLANG_WARN_COMMA = YES;
				CLANG_WARN_CONSTANT_CONVERSION = YES;
				CLANG_WARN_DEPRECATED_OBJC_IMPLEMENTATIONS = YES;
				CLANG_WARN_DIRECT_OBJC_ISA_USAGE = YES_ERROR;
				CLANG_WARN_DOCUMENTATION_COMMENTS = YES;
				CLANG_WARN_EMPTY_BODY = YES;
				CLANG_WARN_ENUM_CONVERSION = YES;
				CLANG_WARN_INFINITE_RECURSION = YES;
				CLANG_WARN_INT_CONVERSION = YES;
				CLANG_WARN_NON_LITERAL_NULL_CONVERSION = YES;
				CLANG_WARN_OBJC_IMPLICIT_RETAIN_SELF = YES;
				CLANG_WARN_OBJC_LITERAL_CONVERSION = YES;
				CLANG_WARN_OBJC_ROOT_CLASS = YES_ERROR;
				CLANG_WARN_QUOTED_INCLUDE_IN_FRAMEWORK_HEADER = YES;
				CLANG_WARN_RANGE_LOOP_ANALYSIS = YES;
				CLANG_WARN_STRICT_PROTOTYPES = YES;
				CLANG_WARN_SUSPICIOUS_MOVE = YES;
				CLANG_WARN_UNGUARDED_AVAILABILITY = YES_AGGRESSIVE;
				CLANG_WARN_UNREACHABLE_CODE = YES;
				CLANG_WARN__DUPLICATE_METHOD_MATCH = YES;
				COPY_PHASE_STRIP = NO;
				DEBUG_INFORMATION_FORMAT = "dwarf-with-dsym";
				ENABLE_NS_ASSERTIONS = NO;
				ENABLE_STRICT_OBJC_MSGSEND = YES;
				ENABLE_USER_SCRIPT_SANDBOXING = YES;
				GCC_C_LANGUAGE_STANDARD = gnu17;
				GCC_NO_COMMON_BLOCKS = YES;
				GCC_WARN_64_TO_32_BIT_CONVERSION = YES;
				GCC_WARN_ABOUT_RETURN_TYPE = YES_ERROR;
				GCC_WARN_UNDECLARED_SELECTOR = YES;
				GCC_WARN_UNINITIALIZED_AUTOS = YES_AGGRESSIVE;
				GCC_WARN_UNUSED_FUNCTION = YES;
				GCC_WARN_UNUSED_VARIABLE = YES;
				IPHONEOS_DEPLOYMENT_TARGET = 17.5;
				LOCALIZATION_PREFERS_STRING_CATALOGS = YES;
				MTL_ENABLE_DEBUG_INFO = NO;
				MTL_FAST_MATH = YES;
				SDKROOT = iphoneos;
				SWIFT_COMPILATION_MODE = wholemodule;
				VALIDATE_PRODUCT = YES;
			};
			name = Release;
		};
		AAC94A492C63A973005BF94D /* Debug */ = {
			isa = XCBuildConfiguration;
			buildSettings = {
				ASSETCATALOG_COMPILER_APPICON_NAME = AppIcon;
				ASSETCATALOG_COMPILER_GLOBAL_ACCENT_COLOR_NAME = AccentColor;
				CODE_SIGN_STYLE = Automatic;
				CURRENT_PROJECT_VERSION = 1;
				DEVELOPMENT_ASSET_PATHS = "\"SpeechRecognition/Preview Content\"";
				DEVELOPMENT_TEAM = 45ZRHMBAB6;
				ENABLE_PREVIEWS = YES;
				GENERATE_INFOPLIST_FILE = YES;
				INFOPLIST_KEY_NSMicrophoneUsageDescription = "O aplicativo precisa acessar o reconhecimento de fala para transcrever áudio em texto.";
				INFOPLIST_KEY_NSSpeechRecognitionUsageDescription = "";
				INFOPLIST_KEY_UIApplicationSceneManifest_Generation = YES;
				INFOPLIST_KEY_UIApplicationSupportsIndirectInputEvents = YES;
				INFOPLIST_KEY_UILaunchScreen_Generation = YES;
				INFOPLIST_KEY_UISupportedInterfaceOrientations_iPad = "UIInterfaceOrientationPortrait UIInterfaceOrientationPortraitUpsideDown UIInterfaceOrientationLandscapeLeft UIInterfaceOrientationLandscapeRight";
				INFOPLIST_KEY_UISupportedInterfaceOrientations_iPhone = "UIInterfaceOrientationPortrait UIInterfaceOrientationLandscapeLeft UIInterfaceOrientationLandscapeRight";
				LD_RUNPATH_SEARCH_PATHS = (
					"$(inherited)",
					"@executable_path/Frameworks",
				);
				MARKETING_VERSION = 1.0;
				PRODUCT_BUNDLE_IDENTIFIER = "Bilbo-s-Company.SpeechRecognition";
				PRODUCT_NAME = "$(TARGET_NAME)";
				SWIFT_EMIT_LOC_STRINGS = YES;
				SWIFT_VERSION = 5.0;
				TARGETED_DEVICE_FAMILY = "1,2";
			};
			name = Debug;
		};
		AAC94A4A2C63A973005BF94D /* Release */ = {
			isa = XCBuildConfiguration;
			buildSettings = {
				ASSETCATALOG_COMPILER_APPICON_NAME = AppIcon;
				ASSETCATALOG_COMPILER_GLOBAL_ACCENT_COLOR_NAME = AccentColor;
				CODE_SIGN_STYLE = Automatic;
				CURRENT_PROJECT_VERSION = 1;
				DEVELOPMENT_ASSET_PATHS = "\"SpeechRecognition/Preview Content\"";
				DEVELOPMENT_TEAM = 45ZRHMBAB6;
				ENABLE_PREVIEWS = YES;
				GENERATE_INFOPLIST_FILE = YES;
				INFOPLIST_KEY_NSMicrophoneUsageDescription = "O aplicativo precisa acessar o reconhecimento de fala para transcrever áudio em texto.";
				INFOPLIST_KEY_NSSpeechRecognitionUsageDescription = "";
				INFOPLIST_KEY_UIApplicationSceneManifest_Generation = YES;
				INFOPLIST_KEY_UIApplicationSupportsIndirectInputEvents = YES;
				INFOPLIST_KEY_UILaunchScreen_Generation = YES;
				INFOPLIST_KEY_UISupportedInterfaceOrientations_iPad = "UIInterfaceOrientationPortrait UIInterfaceOrientationPortraitUpsideDown UIInterfaceOrientationLandscapeLeft UIInterfaceOrientationLandscapeRight";
				INFOPLIST_KEY_UISupportedInterfaceOrientations_iPhone = "UIInterfaceOrientationPortrait UIInterfaceOrientationLandscapeLeft UIInterfaceOrientationLandscapeRight";
				LD_RUNPATH_SEARCH_PATHS = (
					"$(inherited)",
					"@executable_path/Frameworks",
				);
				MARKETING_VERSION = 1.0;
				PRODUCT_BUNDLE_IDENTIFIER = "Bilbo-s-Company.SpeechRecognition";
				PRODUCT_NAME = "$(TARGET_NAME)";
				SWIFT_EMIT_LOC_STRINGS = YES;
				SWIFT_VERSION = 5.0;
				TARGETED_DEVICE_FAMILY = "1,2";
			};
			name = Release;
		};
/* End XCBuildConfiguration section */

/* Begin XCConfigurationList section */
		AAC94A352C63A971005BF94D /* Build configuration list for PBXProject "SpeechRecognition" */ = {
			isa = XCConfigurationList;
			buildConfigurations = (
				AAC94A462C63A973005BF94D /* Debug */,
				AAC94A472C63A973005BF94D /* Release */,
			);
			defaultConfigurationIsVisible = 0;
			defaultConfigurationName = Release;
		};
		AAC94A482C63A973005BF94D /* Build configuration list for PBXNativeTarget "SpeechRecognition" */ = {
			isa = XCConfigurationList;
			buildConfigurations = (
				AAC94A492C63A973005BF94D /* Debug */,
				AAC94A4A2C63A973005BF94D /* Release */,
			);
			defaultConfigurationIsVisible = 0;
			defaultConfigurationName = Release;
		};
/* End XCConfigurationList section */
	};
	rootObject = AAC94A322C63A971005BF94D /* Project object */;
}
